{
  "version": 4,
  "terraform_version": "1.1.2",
  "serial": 8,
  "lineage": "185ab5a9-f400-22e5-1b7b-08f27842a671",
  "outputs": {},
  "resources": [
    {
      "mode": "managed",
      "type": "google_compute_firewall",
      "name": "default",
      "provider": "provider[\"registry.terraform.io/hashicorp/google\"]",
      "instances": [
        {
          "schema_version": 1,
          "attributes": {
            "allow": [
              {
                "ports": [
                  "80",
                  "8080",
                  "1000-3000"
                ],
                "protocol": "tcp"
              }
            ],
            "creation_timestamp": "2022-01-03T09:19:52.170-08:00",
            "deny": [],
            "description": "Setting firewall rules",
            "destination_ranges": [],
            "direction": "INGRESS",
            "disabled": false,
            "enable_logging": null,
            "id": "projects/project-terraform-337113/global/firewalls/dev-io-isqfk-calc-firewall",
            "log_config": [],
            "name": "dev-io-isqfk-calc-firewall",
            "network": "https://www.googleapis.com/compute/v1/projects/project-terraform-337113/global/networks/dev-io-yfvaevoiggkh-calc-vpc",
            "priority": 1000,
            "project": "project-terraform-337113",
            "self_link": "https://www.googleapis.com/compute/v1/projects/project-terraform-337113/global/firewalls/dev-io-isqfk-calc-firewall",
            "source_ranges": [
              "10.128.0.0/20"
            ],
            "source_service_accounts": null,
            "source_tags": null,
            "target_service_accounts": null,
            "target_tags": null,
            "timeouts": null
          },
          "sensitive_attributes": [],
          "private": "eyJlMmJmYjczMC1lY2FhLTExZTYtOGY4OC0zNDM2M2JjN2M0YzAiOnsiY3JlYXRlIjoyNDAwMDAwMDAwMDAsImRlbGV0ZSI6MjQwMDAwMDAwMDAwLCJ1cGRhdGUiOjI0MDAwMDAwMDAwMH0sInNjaGVtYV92ZXJzaW9uIjoiMSJ9",
          "dependencies": [
            "random_string.code"
          ]
        }
      ]
    },
    {
      "mode": "managed",
      "type": "random_string",
      "name": "code",
      "provider": "provider[\"registry.terraform.io/hashicorp/random\"]",
      "instances": [
        {
          "schema_version": 1,
          "attributes": {
            "id": "isqfk",
            "keepers": null,
            "length": 5,
            "lower": true,
            "min_lower": 0,
            "min_numeric": 0,
            "min_special": 0,
            "min_upper": 0,
            "number": false,
            "override_special": null,
            "result": "isqfk",
            "special": false,
            "upper": false
          },
          "sensitive_attributes": [],
          "private": "eyJzY2hlbWFfdmVyc2lvbiI6IjEifQ=="
        }
      ]
    },
    {
      "module": "module.kubernetes",
      "mode": "managed",
      "type": "google_container_cluster",
      "name": "gke_cluster",
      "provider": "provider[\"registry.terraform.io/hashicorp/google\"]",
      "instances": [
        {
          "schema_version": 1,
          "attributes": {
            "addons_config": [
              {
                "cloudrun_config": [],
                "horizontal_pod_autoscaling": [],
                "http_load_balancing": [],
                "network_policy_config": [
                  {
                    "disabled": true
                  }
                ]
              }
            ],
            "authenticator_groups_config": [],
            "cluster_autoscaling": [
              {
                "auto_provisioning_defaults": [],
                "enabled": false,
                "resource_limits": []
              }
            ],
            "cluster_ipv4_cidr": "10.64.0.0/14",
            "confidential_nodes": [],
            "database_encryption": [
              {
                "key_name": "",
                "state": "DECRYPTED"
              }
            ],
            "datapath_provider": "",
            "default_max_pods_per_node": null,
            "default_snat_status": [
              {
                "disabled": false
              }
            ],
            "description": "Creating GKE Cluster",
            "enable_autopilot": false,
            "enable_binary_authorization": false,
            "enable_intranode_visibility": false,
            "enable_kubernetes_alpha": false,
            "enable_legacy_abac": false,
            "enable_shielded_nodes": true,
            "enable_tpu": false,
            "endpoint": "34.136.252.133",
            "id": "projects/project-terraform-337113/locations/us-central1-c/clusters/dev-io-piqbo-calc-cluster",
            "initial_node_count": 1,
            "ip_allocation_policy": [],
            "label_fingerprint": "a9dc16a7",
            "location": "us-central1-c",
            "logging_config": [
              {
                "enable_components": [
                  "SYSTEM_COMPONENTS",
                  "WORKLOADS"
                ]
              }
            ],
            "logging_service": "logging.googleapis.com/kubernetes",
            "maintenance_policy": [],
            "master_auth": [
              {
                "client_certificate": "",
                "client_certificate_config": [
                  {
                    "issue_client_certificate": false
                  }
                ],
                "client_key": "",
                "cluster_ca_certificate": "LS0tLS1CRUdJTiBDRVJUSUZJQ0FURS0tLS0tCk1JSUVMVENDQXBXZ0F3SUJBZ0lSQUkzOXpwUkJiOUUxMkZaSzNZc2ZKT013RFFZSktvWklodmNOQVFFTEJRQXcKTHpFdE1Dc0dBMVVFQXhNa016TmxOakk1WXpVdE5XWXhOUzAwTnpaakxUazBZakl0TVRBMk0yTTRNV1UzWW1VMgpNQ0FYRFRJeU1ERXdNekUyTVRrMU5Wb1lEekl3TlRFeE1qSTNNVGN4T1RVMVdqQXZNUzB3S3dZRFZRUURFeVF6Ck0yVTJNamxqTlMwMVpqRTFMVFEzTm1NdE9UUmlNaTB4TURZell6Z3haVGRpWlRZd2dnR2lNQTBHQ1NxR1NJYjMKRFFFQkFRVUFBNElCandBd2dnR0tBb0lCZ1FDejZFOGlqRWpLc1cxNTFSY0JXZFVnRnd3VDA0aCs1aWlyeWxzRgpKT0VLT2FKZ2xQd1kyeHVJMGVqVEVDOHNBeXpaVFhDZXc5NUFUL21BZm42TmpMaEJMWG93cUdxZnBBQlFEaXlECkZIYnByU3pJbHJKcE9SQkZFdlZpSEQrT1hWZGd2ZHdndE5tSFM0bWdXaHhXb0hJank0UWJYMVgvUTBQNjlYQVcKdHBiQmRuTklIa3diSzBueFVTbWlqNWFVc2QxbjE2RmV2RlhBcEtYbkdUSU9lbnBwNzkrTVF3dkhlKzRMbXhzbQpvd2VIZ2RvVkEwNU5EMUVrLzJTNHVzdFVVM3VCRHF1a3AxSnp5UXJIMlViY29UdXNSajF6ZjUvS2dORmVkMUlNCjB0ZVJuL3c0Sy94ODVIKzZVZlo3Y3RqMzRKcEl0L2NCZXNIUTRlcTdDVDluVWMwUUIvS0toR2gzRjlRM1dib04KV2l6NEhBVzFZUUtIS0xMTHRnVVl6SFVRRW83ZlcyTis5VWFnY0ZoK1NHc2hHSjR1aXE4NktrT0dLVWlHWGhkNgprRUppOVlUOFVFVlFrTGNkakUxN1JzMWU0ZUVONHp5bjNPRElKUS83NTc0dHdpREJrd3R3RWROaWVjczl5end0CnRZMVRPTmZROVhaaXZVUnNrUlVyM0NqT3p0RUNBd0VBQWFOQ01FQXdEZ1lEVlIwUEFRSC9CQVFEQWdJRU1BOEcKQTFVZEV3RUIvd1FGTUFNQkFmOHdIUVlEVlIwT0JCWUVGRW5iM0U4VVpYMFhvNVdCUzNVeXA3Wm5EajJ3TUEwRwpDU3FHU0liM0RRRUJDd1VBQTRJQmdRQ0ovR0w5RmNkbFpMT2VlUzhQSno2S0tYVklJOGZSSlZuNUxrOWFvcEQ0CmE4ak8raUFFOEc3ZGVjYVNKMDdNckpmNWRQVmx0MDI4SGlPWS9nOW1VV3RmRkFnZEIxZW5NKzlwc3NRWENObkkKcnBoWlNTalRMSjJ1dFRPWVI5NlB0Q1Z2YU1QeVpwNVY3ZHA4ZndvWjBqYnZrTWRobTM3M095a294VHhrcWg4awoxby9vVkZLbGlrTGlFNGt3Zkh0K3NFeElLS3BYYVc0MGpSS3lXZFJTaFIxUDN5Y0UrdEI5VUJ3ZWxhNG1qQ28vCmRWMGpPUkkrQ3d2eGU5MGxFVUhCUklmcVlNY3UyeER2TlVTRjQvbWpzOTArd0QraHVTQXBxNnBRdm91VmJzNk0KOHErNnBDTWZjMCt2MDVnWkRsRFFDbVZoOXBsZXpUbnhOUnJlYzFBYlBpaWRtbzhyS0dZOXhydFUvbWJwRnhTZwovemM4YUJpai9JdkxXdWxEblIyS2NtWmtIWnpub1NCS1NRL3VBNXhENjUzbko1SVA3QlZTWUhjZFRNY1BnY1RRCmR2cjVKVE5zdmNrUmUxWHNJRzJLbkFBUUFaRzRNcThTaUM3cmNKbXhIbnJPbmJIYStFSkgyMmJRQks1ZkxNdjYKQU12bWdxeWdzNklTWHJsQmh2L292Z009Ci0tLS0tRU5EIENFUlRJRklDQVRFLS0tLS0K"
              }
            ],
            "master_authorized_networks_config": [],
            "master_version": "1.21.5-gke.1302",
            "min_master_version": null,
            "monitoring_config": [
              {
                "enable_components": [
                  "SYSTEM_COMPONENTS"
                ]
              }
            ],
            "monitoring_service": "monitoring.googleapis.com/kubernetes",
            "name": "dev-io-piqbo-calc-cluster",
            "network": "projects/project-terraform-337113/global/networks/dev-io-yfvaevoiggkh-calc-vpc",
            "network_policy": [
              {
                "enabled": false,
                "provider": "PROVIDER_UNSPECIFIED"
              }
            ],
            "networking_mode": "ROUTES",
            "node_config": [],
            "node_locations": [],
            "node_pool": [],
            "node_version": "1.21.5-gke.1302",
            "operation": null,
            "private_cluster_config": [],
            "private_ipv6_google_access": "",
            "project": "project-terraform-337113",
            "release_channel": [
              {
                "channel": "REGULAR"
              }
            ],
            "remove_default_node_pool": true,
            "resource_labels": null,
            "resource_usage_export_config": [],
            "self_link": "https://container.googleapis.com/v1/projects/project-terraform-337113/zones/us-central1-c/clusters/dev-io-piqbo-calc-cluster",
            "services_ipv4_cidr": "10.67.240.0/20",
            "subnetwork": "projects/project-terraform-337113/regions/us-central1/subnetworks/dev-io-yfvaevoiggkh-calc-vpc",
            "timeouts": null,
            "tpu_ipv4_cidr_block": "",
            "vertical_pod_autoscaling": [],
            "workload_identity_config": []
          },
          "sensitive_attributes": [],
          "private": "eyJlMmJmYjczMC1lY2FhLTExZTYtOGY4OC0zNDM2M2JjN2M0YzAiOnsiY3JlYXRlIjoyNDAwMDAwMDAwMDAwLCJkZWxldGUiOjI0MDAwMDAwMDAwMDAsInJlYWQiOjI0MDAwMDAwMDAwMDAsInVwZGF0ZSI6MzYwMDAwMDAwMDAwMH0sInNjaGVtYV92ZXJzaW9uIjoiMSJ9",
          "dependencies": [
            "module.kubernetes.random_string.code"
          ]
        }
      ]
    },
    {
      "module": "module.kubernetes",
      "mode": "managed",
      "type": "google_container_node_pool",
      "name": "gke_nodepool",
      "provider": "provider[\"registry.terraform.io/hashicorp/google\"]",
      "instances": [
        {
          "schema_version": 1,
          "attributes": {
            "autoscaling": [],
            "cluster": "dev-io-piqbo-calc-cluster",
            "id": "projects/project-terraform-337113/locations/us-central1-c/clusters/dev-io-piqbo-calc-cluster/nodePools/dev-io-piqbo-calc-nodepool",
            "initial_node_count": 1,
            "instance_group_urls": [
              "https://www.googleapis.com/compute/v1/projects/project-terraform-337113/zones/us-central1-c/instanceGroupManagers/gke-dev-io-piqbo-cal-dev-io-piqbo-cal-757026b4-grp"
            ],
            "location": "us-central1-c",
            "managed_instance_group_urls": [
              "https://www.googleapis.com/compute/v1/projects/project-terraform-337113/zones/us-central1-c/instanceGroups/gke-dev-io-piqbo-cal-dev-io-piqbo-cal-757026b4-grp"
            ],
            "management": [
              {
                "auto_repair": true,
                "auto_upgrade": true
              }
            ],
            "max_pods_per_node": null,
            "name": "dev-io-piqbo-calc-nodepool",
            "name_prefix": "",
            "node_config": [
              {
                "disk_size_gb": 100,
                "disk_type": "pd-standard",
                "gcfs_config": [],
                "guest_accelerator": [],
                "image_type": "COS_CONTAINERD",
                "labels": {},
                "local_ssd_count": 0,
                "machine_type": "n1-standard-1",
                "metadata": {
                  "disable-legacy-endpoints": "true"
                },
                "min_cpu_platform": "",
                "node_group": "",
                "oauth_scopes": [
                  "https://www.googleapis.com/auth/cloud-platform"
                ],
                "preemptible": true,
                "service_account": "default",
                "shielded_instance_config": [
                  {
                    "enable_integrity_monitoring": true,
                    "enable_secure_boot": false
                  }
                ],
                "tags": null,
                "taint": [],
                "workload_metadata_config": []
              }
            ],
            "node_count": 1,
            "node_locations": [
              "us-central1-c"
            ],
            "operation": null,
            "project": "project-terraform-337113",
            "timeouts": null,
            "upgrade_settings": [
              {
                "max_surge": 1,
                "max_unavailable": 0
              }
            ],
            "version": "1.21.5-gke.1302"
          },
          "sensitive_attributes": [],
          "private": "eyJlMmJmYjczMC1lY2FhLTExZTYtOGY4OC0zNDM2M2JjN2M0YzAiOnsiY3JlYXRlIjoxODAwMDAwMDAwMDAwLCJkZWxldGUiOjE4MDAwMDAwMDAwMDAsInVwZGF0ZSI6MTgwMDAwMDAwMDAwMH0sInNjaGVtYV92ZXJzaW9uIjoiMSJ9",
          "dependencies": [
            "module.kubernetes.google_container_cluster.gke_cluster",
            "module.kubernetes.random_string.code"
          ]
        }
      ]
    },
    {
      "module": "module.kubernetes",
      "mode": "managed",
      "type": "random_string",
      "name": "code",
      "provider": "provider[\"registry.terraform.io/hashicorp/random\"]",
      "instances": [
        {
          "schema_version": 1,
          "attributes": {
            "id": "piqbo",
            "keepers": null,
            "length": 5,
            "lower": true,
            "min_lower": 0,
            "min_numeric": 0,
            "min_special": 0,
            "min_upper": 0,
            "number": false,
            "override_special": null,
            "result": "piqbo",
            "special": false,
            "upper": false
          },
          "sensitive_attributes": [],
          "private": "eyJzY2hlbWFfdmVyc2lvbiI6IjEifQ=="
        }
      ]
    }
  ]
}
